
Microsoft Visual Studio Solution File, Format Version 12.00
# Visual Studio Version 16
VisualStudioVersion = 16.0.31205.134
MinimumVisualStudioVersion = 10.0.40219.1
Project("{FAE04EC0-301F-11D3-BF4B-00C04F79EFBC}") = "UseAuthenticationWithJWT", "UseAuthenticationWithJWT\UseAuthenticationWithJWT.csproj", "{0CC43146-197D-4B4F-9406-C96FE94D3322}"
EndProject
Global
	GlobalSection(SolutionConfigurationPlatforms) = preSolution
		Debug|Any CPU = Debug|Any CPU
		Release|Any CPU = Release|Any CPU
	EndGlobalSection
	GlobalSection(ProjectConfigurationPlatforms) = postSolution
		{0CC43146-197D-4B4F-9406-C96FE94D3322}.Debug|Any CPU.ActiveCfg = Debug|Any CPU
		{0CC43146-197D-4B4F-9406-C96FE94D3322}.Debug|Any CPU.Build.0 = Debug|Any CPU
		{0CC43146-197D-4B4F-9406-C96FE94D3322}.Release|Any CPU.ActiveCfg = Release|Any CPU
		{0CC43146-197D-4B4F-9406-C96FE94D3322}.Release|Any CPU.Build.0 = Release|Any CPU
	EndGlobalSection
	GlobalSection(SolutionProperties) = preSolution
		HideSolutionNode = FALSE
	EndGlobalSection
	GlobalSection(ExtensibilityGlobals) = postSolution
		SolutionGuid = {C6B1158E-8FA5-4A4F-806F-19A0F1CA4DC6}
	EndGlobalSection
EndGlobal
